
Microsoft Visual Studio Solution File, Format Version 12.00
# Visual Studio 14
VisualStudioVersion = 14.0.22609.0
MinimumVisualStudioVersion = 10.0.40219.1
Project("{FAE04EC0-301F-11D3-BF4B-00C04F79EFBC}") = "AutomobileTn", "AutomobileTn\AutomobileTn\AutomobileTn.csproj", "{3DAC3DC7-12B5-493A-9E48-7D4847CE4A5D}"
EndProject
Project("{FAE04EC0-301F-11D3-BF4B-00C04F79EFBC}") = "AutomobileTn.iOS", "AutomobileTn\AutomobileTn.iOS\AutomobileTn.iOS.csproj", "{99CECF76-5264-4DAB-B529-12909BE88671}"
EndProject
Project("{FAE04EC0-301F-11D3-BF4B-00C04F79EFBC}") = "AutomobileTn.WinPhone", "AutomobileTn\AutomobileTn.WinPhone\AutomobileTn.WinPhone.csproj", "{E36890EA-6560-425D-B806-041612976308}"
EndProject
Project("{FAE04EC0-301F-11D3-BF4B-00C04F79EFBC}") = "AutomobileTn.Android", "AutomobileTn.Android\AutomobileTn.Android.csproj", "{784EA8E8-90D2-464E-BAB4-253130012488}"
EndProject
Global
	GlobalSection(SolutionConfigurationPlatforms) = preSolution
		Ad-Hoc|Any CPU = Ad-Hoc|Any CPU
		Ad-Hoc|ARM = Ad-Hoc|ARM
		Ad-Hoc|iPhone = Ad-Hoc|iPhone
		Ad-Hoc|iPhoneSimulator = Ad-Hoc|iPhoneSimulator
		Ad-Hoc|x86 = Ad-Hoc|x86
		AppStore|Any CPU = AppStore|Any CPU
		AppStore|ARM = AppStore|ARM
		AppStore|iPhone = AppStore|iPhone
		AppStore|iPhoneSimulator = AppStore|iPhoneSimulator
		AppStore|x86 = AppStore|x86
		Debug|Any CPU = Debug|Any CPU
		Debug|ARM = Debug|ARM
		Debug|iPhone = Debug|iPhone
		Debug|iPhoneSimulator = Debug|iPhoneSimulator
		Debug|x86 = Debug|x86
		Release|Any CPU = Release|Any CPU
		Release|ARM = Release|ARM
		Release|iPhone = Release|iPhone
		Release|iPhoneSimulator = Release|iPhoneSimulator
		Release|x86 = Release|x86
	EndGlobalSection
	GlobalSection(ProjectConfigurationPlatforms) = postSolution
		{3DAC3DC7-12B5-493A-9E48-7D4847CE4A5D}.Ad-Hoc|Any CPU.ActiveCfg = Release|Any CPU
		{3DAC3DC7-12B5-493A-9E48-7D4847CE4A5D}.Ad-Hoc|Any CPU.Build.0 = Release|Any CPU
		{3DAC3DC7-12B5-493A-9E48-7D4847CE4A5D}.Ad-Hoc|ARM.ActiveCfg = Release|Any CPU
		{3DAC3DC7-12B5-493A-9E48-7D4847CE4A5D}.Ad-Hoc|ARM.Build.0 = Release|Any CPU
		{3DAC3DC7-12B5-493A-9E48-7D4847CE4A5D}.Ad-Hoc|iPhone.ActiveCfg = Release|Any CPU
		{3DAC3DC7-12B5-493A-9E48-7D4847CE4A5D}.Ad-Hoc|iPhone.Build.0 = Release|Any CPU
		{3DAC3DC7-12B5-493A-9E48-7D4847CE4A5D}.Ad-Hoc|iPhoneSimulator.ActiveCfg = Release|Any CPU
		{3DAC3DC7-12B5-493A-9E48-7D4847CE4A5D}.Ad-Hoc|iPhoneSimulator.Build.0 = Release|Any CPU
		{3DAC3DC7-12B5-493A-9E48-7D4847CE4A5D}.Ad-Hoc|x86.ActiveCfg = Release|Any CPU
		{3DAC3DC7-12B5-493A-9E48-7D4847CE4A5D}.Ad-Hoc|x86.Build.0 = Release|Any CPU
		{3DAC3DC7-12B5-493A-9E48-7D4847CE4A5D}.AppStore|Any CPU.ActiveCfg = Release|Any CPU
		{3DAC3DC7-12B5-493A-9E48-7D4847CE4A5D}.AppStore|Any CPU.Build.0 = Release|Any CPU
		{3DAC3DC7-12B5-493A-9E48-7D4847CE4A5D}.AppStore|ARM.ActiveCfg = Release|Any CPU
		{3DAC3DC7-12B5-493A-9E48-7D4847CE4A5D}.AppStore|ARM.Build.0 = Release|Any CPU
		{3DAC3DC7-12B5-493A-9E48-7D4847CE4A5D}.AppStore|iPhone.ActiveCfg = Release|Any CPU
		{3DAC3DC7-12B5-493A-9E48-7D4847CE4A5D}.AppStore|iPhone.Build.0 = Release|Any CPU
		{3DAC3DC7-12B5-493A-9E48-7D4847CE4A5D}.AppStore|iPhoneSimulator.ActiveCfg = Release|Any CPU
		{3DAC3DC7-12B5-493A-9E48-7D4847CE4A5D}.AppStore|iPhoneSimulator.Build.0 = Release|Any CPU
		{3DAC3DC7-12B5-493A-9E48-7D4847CE4A5D}.AppStore|x86.ActiveCfg = Release|Any CPU
		{3DAC3DC7-12B5-493A-9E48-7D4847CE4A5D}.AppStore|x86.Build.0 = Release|Any CPU
		{3DAC3DC7-12B5-493A-9E48-7D4847CE4A5D}.Debug|Any CPU.ActiveCfg = Debug|Any CPU
		{3DAC3DC7-12B5-493A-9E48-7D4847CE4A5D}.Debug|Any CPU.Build.0 = Debug|Any CPU
		{3DAC3DC7-12B5-493A-9E48-7D4847CE4A5D}.Debug|ARM.ActiveCfg = Debug|Any CPU
		{3DAC3DC7-12B5-493A-9E48-7D4847CE4A5D}.Debug|ARM.Build.0 = Debug|Any CPU
		{3DAC3DC7-12B5-493A-9E48-7D4847CE4A5D}.Debug|iPhone.ActiveCfg = Debug|Any CPU
		{3DAC3DC7-12B5-493A-9E48-7D4847CE4A5D}.Debug|iPhone.Build.0 = Debug|Any CPU
		{3DAC3DC7-12B5-493A-9E48-7D4847CE4A5D}.Debug|iPhoneSimulator.ActiveCfg = Debug|Any CPU
		{3DAC3DC7-12B5-493A-9E48-7D4847CE4A5D}.Debug|iPhoneSimulator.Build.0 = Debug|Any CPU
		{3DAC3DC7-12B5-493A-9E48-7D4847CE4A5D}.Debug|x86.ActiveCfg = Debug|Any CPU
		{3DAC3DC7-12B5-493A-9E48-7D4847CE4A5D}.Debug|x86.Build.0 = Debug|Any CPU
		{3DAC3DC7-12B5-493A-9E48-7D4847CE4A5D}.Release|Any CPU.ActiveCfg = Release|Any CPU
		{3DAC3DC7-12B5-493A-9E48-7D4847CE4A5D}.Release|Any CPU.Build.0 = Release|Any CPU
		{3DAC3DC7-12B5-493A-9E48-7D4847CE4A5D}.Release|ARM.ActiveCfg = Release|Any CPU
		{3DAC3DC7-12B5-493A-9E48-7D4847CE4A5D}.Release|ARM.Build.0 = Release|Any CPU
		{3DAC3DC7-12B5-493A-9E48-7D4847CE4A5D}.Release|iPhone.ActiveCfg = Release|Any CPU
		{3DAC3DC7-12B5-493A-9E48-7D4847CE4A5D}.Release|iPhone.Build.0 = Release|Any CPU
		{3DAC3DC7-12B5-493A-9E48-7D4847CE4A5D}.Release|iPhoneSimulator.ActiveCfg = Release|Any CPU
		{3DAC3DC7-12B5-493A-9E48-7D4847CE4A5D}.Release|iPhoneSimulator.Build.0 = Release|Any CPU
		{3DAC3DC7-12B5-493A-9E48-7D4847CE4A5D}.Release|x86.ActiveCfg = Release|Any CPU
		{3DAC3DC7-12B5-493A-9E48-7D4847CE4A5D}.Release|x86.Build.0 = Release|Any CPU
		{99CECF76-5264-4DAB-B529-12909BE88671}.Ad-Hoc|Any CPU.ActiveCfg = Ad-Hoc|iPhone
		{99CECF76-5264-4DAB-B529-12909BE88671}.Ad-Hoc|ARM.ActiveCfg = Ad-Hoc|iPhone
		{99CECF76-5264-4DAB-B529-12909BE88671}.Ad-Hoc|iPhone.ActiveCfg = Ad-Hoc|iPhone
		{99CECF76-5264-4DAB-B529-12909BE88671}.Ad-Hoc|iPhone.Build.0 = Ad-Hoc|iPhone
		{99CECF76-5264-4DAB-B529-12909BE88671}.Ad-Hoc|iPhoneSimulator.ActiveCfg = Ad-Hoc|iPhoneSimulator
		{99CECF76-5264-4DAB-B529-12909BE88671}.Ad-Hoc|iPhoneSimulator.Build.0 = Ad-Hoc|iPhoneSimulator
		{99CECF76-5264-4DAB-B529-12909BE88671}.Ad-Hoc|x86.ActiveCfg = Ad-Hoc|iPhone
		{99CECF76-5264-4DAB-B529-12909BE88671}.AppStore|Any CPU.ActiveCfg = AppStore|iPhone
		{99CECF76-5264-4DAB-B529-12909BE88671}.AppStore|ARM.ActiveCfg = AppStore|iPhone
		{99CECF76-5264-4DAB-B529-12909BE88671}.AppStore|iPhone.ActiveCfg = AppStore|iPhone
		{99CECF76-5264-4DAB-B529-12909BE88671}.AppStore|iPhone.Build.0 = AppStore|iPhone
		{99CECF76-5264-4DAB-B529-12909BE88671}.AppStore|iPhoneSimulator.ActiveCfg = AppStore|iPhoneSimulator
		{99CECF76-5264-4DAB-B529-12909BE88671}.AppStore|iPhoneSimulator.Build.0 = AppStore|iPhoneSimulator
		{99CECF76-5264-4DAB-B529-12909BE88671}.AppStore|x86.ActiveCfg = AppStore|iPhone
		{99CECF76-5264-4DAB-B529-12909BE88671}.Debug|Any CPU.ActiveCfg = Debug|iPhone
		{99CECF76-5264-4DAB-B529-12909BE88671}.Debug|ARM.ActiveCfg = Debug|iPhone
		{99CECF76-5264-4DAB-B529-12909BE88671}.Debug|iPhone.ActiveCfg = Debug|iPhone
		{99CECF76-5264-4DAB-B529-12909BE88671}.Debug|iPhone.Build.0 = Debug|iPhone
		{99CECF76-5264-4DAB-B529-12909BE88671}.Debug|iPhoneSimulator.ActiveCfg = Debug|iPhoneSimulator
		{99CECF76-5264-4DAB-B529-12909BE88671}.Debug|iPhoneSimulator.Build.0 = Debug|iPhoneSimulator
		{99CECF76-5264-4DAB-B529-12909BE88671}.Debug|x86.ActiveCfg = Debug|iPhone
		{99CECF76-5264-4DAB-B529-12909BE88671}.Release|Any CPU.ActiveCfg = Release|iPhone
		{99CECF76-5264-4DAB-B529-12909BE88671}.Release|ARM.ActiveCfg = Release|iPhone
		{99CECF76-5264-4DAB-B529-12909BE88671}.Release|iPhone.ActiveCfg = Release|iPhone
		{99CECF76-5264-4DAB-B529-12909BE88671}.Release|iPhone.Build.0 = Release|iPhone
		{99CECF76-5264-4DAB-B529-12909BE88671}.Release|iPhoneSimulator.ActiveCfg = Release|iPhoneSimulator
		{99CECF76-5264-4DAB-B529-12909BE88671}.Release|iPhoneSimulator.Build.0 = Release|iPhoneSimulator
		{99CECF76-5264-4DAB-B529-12909BE88671}.Release|x86.ActiveCfg = Release|iPhone
		{E36890EA-6560-425D-B806-041612976308}.Ad-Hoc|Any CPU.ActiveCfg = Release|Any CPU
		{E36890EA-6560-425D-B806-041612976308}.Ad-Hoc|Any CPU.Build.0 = Release|Any CPU
		{E36890EA-6560-425D-B806-041612976308}.Ad-Hoc|Any CPU.Deploy.0 = Release|Any CPU
		{E36890EA-6560-425D-B806-041612976308}.Ad-Hoc|ARM.ActiveCfg = Release|ARM
		{E36890EA-6560-425D-B806-041612976308}.Ad-Hoc|ARM.Build.0 = Release|ARM
		{E36890EA-6560-425D-B806-041612976308}.Ad-Hoc|ARM.Deploy.0 = Release|ARM
		{E36890EA-6560-425D-B806-041612976308}.Ad-Hoc|iPhone.ActiveCfg = Release|Any CPU
		{E36890EA-6560-425D-B806-041612976308}.Ad-Hoc|iPhone.Build.0 = Release|Any CPU
		{E36890EA-6560-425D-B806-041612976308}.Ad-Hoc|iPhone.Deploy.0 = Release|Any CPU
		{E36890EA-6560-425D-B806-041612976308}.Ad-Hoc|iPhoneSimulator.ActiveCfg = Release|Any CPU
		{E36890EA-6560-425D-B806-041612976308}.Ad-Hoc|iPhoneSimulator.Build.0 = Release|Any CPU
		{E36890EA-6560-425D-B806-041612976308}.Ad-Hoc|iPhoneSimulator.Deploy.0 = Release|Any CPU
		{E36890EA-6560-425D-B806-041612976308}.Ad-Hoc|x86.ActiveCfg = Release|x86
		{E36890EA-6560-425D-B806-041612976308}.Ad-Hoc|x86.Build.0 = Release|x86
		{E36890EA-6560-425D-B806-041612976308}.Ad-Hoc|x86.Deploy.0 = Release|x86
		{E36890EA-6560-425D-B806-041612976308}.AppStore|Any CPU.ActiveCfg = Release|Any CPU
		{E36890EA-6560-425D-B806-041612976308}.AppStore|Any CPU.Build.0 = Release|Any CPU
		{E36890EA-6560-425D-B806-041612976308}.AppStore|Any CPU.Deploy.0 = Release|Any CPU
		{E36890EA-6560-425D-B806-041612976308}.AppStore|ARM.ActiveCfg = Release|ARM
		{E36890EA-6560-425D-B806-041612976308}.AppStore|ARM.Build.0 = Release|ARM
		{E36890EA-6560-425D-B806-041612976308}.AppStore|ARM.Deploy.0 = Release|ARM
		{E36890EA-6560-425D-B806-041612976308}.AppStore|iPhone.ActiveCfg = Release|Any CPU
		{E36890EA-6560-425D-B806-041612976308}.AppStore|iPhone.Build.0 = Release|Any CPU
		{E36890EA-6560-425D-B806-041612976308}.AppStore|iPhone.Deploy.0 = Release|Any CPU
		{E36890EA-6560-425D-B806-041612976308}.AppStore|iPhoneSimulator.ActiveCfg = Release|Any CPU
		{E36890EA-6560-425D-B806-041612976308}.AppStore|iPhoneSimulator.Build.0 = Release|Any CPU
		{E36890EA-6560-425D-B806-041612976308}.AppStore|iPhoneSimulator.Deploy.0 = Release|Any CPU
		{E36890EA-6560-425D-B806-041612976308}.AppStore|x86.ActiveCfg = Release|x86
		{E36890EA-6560-425D-B806-041612976308}.AppStore|x86.Build.0 = Release|x86
		{E36890EA-6560-425D-B806-041612976308}.AppStore|x86.Deploy.0 = Release|x86
		{E36890EA-6560-425D-B806-041612976308}.Debug|Any CPU.ActiveCfg = Debug|Any CPU
		{E36890EA-6560-425D-B806-041612976308}.Debug|Any CPU.Build.0 = Debug|Any CPU
		{E36890EA-6560-425D-B806-041612976308}.Debug|Any CPU.Deploy.0 = Debug|Any CPU
		{E36890EA-6560-425D-B806-041612976308}.Debug|ARM.ActiveCfg = Debug|ARM
		{E36890EA-6560-425D-B806-041612976308}.Debug|ARM.Build.0 = Debug|ARM
		{E36890EA-6560-425D-B806-041612976308}.Debug|ARM.Deploy.0 = Debug|ARM
		{E36890EA-6560-425D-B806-041612976308}.Debug|iPhone.ActiveCfg = Debug|Any CPU
		{E36890EA-6560-425D-B806-041612976308}.Debug|iPhone.Build.0 = Debug|Any CPU
		{E36890EA-6560-425D-B806-041612976308}.Debug|iPhone.Deploy.0 = Debug|Any CPU
		{E36890EA-6560-425D-B806-041612976308}.Debug|iPhoneSimulator.ActiveCfg = Debug|Any CPU
		{E36890EA-6560-425D-B806-041612976308}.Debug|iPhoneSimulator.Build.0 = Debug|Any CPU
		{E36890EA-6560-425D-B806-041612976308}.Debug|iPhoneSimulator.Deploy.0 = Debug|Any CPU
		{E36890EA-6560-425D-B806-041612976308}.Debug|x86.ActiveCfg = Debug|x86
		{E36890EA-6560-425D-B806-041612976308}.Debug|x86.Build.0 = Debug|x86
		{E36890EA-6560-425D-B806-041612976308}.Debug|x86.Deploy.0 = Debug|x86
		{E36890EA-6560-425D-B806-041612976308}.Release|Any CPU.ActiveCfg = Release|Any CPU
		{E36890EA-6560-425D-B806-041612976308}.Release|Any CPU.Build.0 = Release|Any CPU
		{E36890EA-6560-425D-B806-041612976308}.Release|Any CPU.Deploy.0 = Release|Any CPU
		{E36890EA-6560-425D-B806-041612976308}.Release|ARM.ActiveCfg = Release|ARM
		{E36890EA-6560-425D-B806-041612976308}.Release|ARM.Build.0 = Release|ARM
		{E36890EA-6560-425D-B806-041612976308}.Release|ARM.Deploy.0 = Release|ARM
		{E36890EA-6560-425D-B806-041612976308}.Release|iPhone.ActiveCfg = Release|Any CPU
		{E36890EA-6560-425D-B806-041612976308}.Release|iPhone.Build.0 = Release|Any CPU
		{E36890EA-6560-425D-B806-041612976308}.Release|iPhone.Deploy.0 = Release|Any CPU
		{E36890EA-6560-425D-B806-041612976308}.Release|iPhoneSimulator.ActiveCfg = Release|Any CPU
		{E36890EA-6560-425D-B806-041612976308}.Release|iPhoneSimulator.Build.0 = Release|Any CPU
		{E36890EA-6560-425D-B806-041612976308}.Release|iPhoneSimulator.Deploy.0 = Release|Any CPU
		{E36890EA-6560-425D-B806-041612976308}.Release|x86.ActiveCfg = Release|x86
		{E36890EA-6560-425D-B806-041612976308}.Release|x86.Build.0 = Release|x86
		{E36890EA-6560-425D-B806-041612976308}.Release|x86.Deploy.0 = Release|x86
		{784EA8E8-90D2-464E-BAB4-253130012488}.Ad-Hoc|Any CPU.ActiveCfg = Release|Any CPU
		{784EA8E8-90D2-464E-BAB4-253130012488}.Ad-Hoc|Any CPU.Build.0 = Release|Any CPU
		{784EA8E8-90D2-464E-BAB4-253130012488}.Ad-Hoc|Any CPU.Deploy.0 = Release|Any CPU
		{784EA8E8-90D2-464E-BAB4-253130012488}.Ad-Hoc|ARM.ActiveCfg = Release|Any CPU
		{784EA8E8-90D2-464E-BAB4-253130012488}.Ad-Hoc|ARM.Build.0 = Release|Any CPU
		{784EA8E8-90D2-464E-BAB4-253130012488}.Ad-Hoc|ARM.Deploy.0 = Release|Any CPU
		{784EA8E8-90D2-464E-BAB4-253130012488}.Ad-Hoc|iPhone.ActiveCfg = Release|Any CPU
		{784EA8E8-90D2-464E-BAB4-253130012488}.Ad-Hoc|iPhone.Build.0 = Release|Any CPU
		{784EA8E8-90D2-464E-BAB4-253130012488}.Ad-Hoc|iPhone.Deploy.0 = Release|Any CPU
		{784EA8E8-90D2-464E-BAB4-253130012488}.Ad-Hoc|iPhoneSimulator.ActiveCfg = Release|Any CPU
		{784EA8E8-90D2-464E-BAB4-253130012488}.Ad-Hoc|iPhoneSimulator.Build.0 = Release|Any CPU
		{784EA8E8-90D2-464E-BAB4-253130012488}.Ad-Hoc|iPhoneSimulator.Deploy.0 = Release|Any CPU
		{784EA8E8-90D2-464E-BAB4-253130012488}.Ad-Hoc|x86.ActiveCfg = Release|Any CPU
		{784EA8E8-90D2-464E-BAB4-253130012488}.Ad-Hoc|x86.Build.0 = Release|Any CPU
		{784EA8E8-90D2-464E-BAB4-253130012488}.Ad-Hoc|x86.Deploy.0 = Release|Any CPU
		{784EA8E8-90D2-464E-BAB4-253130012488}.AppStore|Any CPU.ActiveCfg = Release|Any CPU
		{784EA8E8-90D2-464E-BAB4-253130012488}.AppStore|Any CPU.Build.0 = Release|Any CPU
		{784EA8E8-90D2-464E-BAB4-253130012488}.AppStore|Any CPU.Deploy.0 = Release|Any CPU
		{784EA8E8-90D2-464E-BAB4-253130012488}.AppStore|ARM.ActiveCfg = Release|Any CPU
		{784EA8E8-90D2-464E-BAB4-253130012488}.AppStore|ARM.Build.0 = Release|Any CPU
		{784EA8E8-90D2-464E-BAB4-253130012488}.AppStore|ARM.Deploy.0 = Release|Any CPU
		{784EA8E8-90D2-464E-BAB4-253130012488}.AppStore|iPhone.ActiveCfg = Release|Any CPU
		{784EA8E8-90D2-464E-BAB4-253130012488}.AppStore|iPhone.Build.0 = Release|Any CPU
		{784EA8E8-90D2-464E-BAB4-253130012488}.AppStore|iPhone.Deploy.0 = Release|Any CPU
		{784EA8E8-90D2-464E-BAB4-253130012488}.AppStore|iPhoneSimulator.ActiveCfg = Release|Any CPU
		{784EA8E8-90D2-464E-BAB4-253130012488}.AppStore|iPhoneSimulator.Build.0 = Release|Any CPU
		{784EA8E8-90D2-464E-BAB4-253130012488}.AppStore|iPhoneSimulator.Deploy.0 = Release|Any CPU
		{784EA8E8-90D2-464E-BAB4-253130012488}.AppStore|x86.ActiveCfg = Release|Any CPU
		{784EA8E8-90D2-464E-BAB4-253130012488}.AppStore|x86.Build.0 = Release|Any CPU
		{784EA8E8-90D2-464E-BAB4-253130012488}.AppStore|x86.Deploy.0 = Release|Any CPU
		{784EA8E8-90D2-464E-BAB4-253130012488}.Debug|Any CPU.ActiveCfg = Debug|Any CPU
		{784EA8E8-90D2-464E-BAB4-253130012488}.Debug|Any CPU.Build.0 = Debug|Any CPU
		{784EA8E8-90D2-464E-BAB4-253130012488}.Debug|Any CPU.Deploy.0 = Debug|Any CPU
		{784EA8E8-90D2-464E-BAB4-253130012488}.Debug|ARM.ActiveCfg = Debug|Any CPU
		{784EA8E8-90D2-464E-BAB4-253130012488}.Debug|ARM.Build.0 = Debug|Any CPU
		{784EA8E8-90D2-464E-BAB4-253130012488}.Debug|ARM.Deploy.0 = Debug|Any CPU
		{784EA8E8-90D2-464E-BAB4-253130012488}.Debug|iPhone.ActiveCfg = Debug|Any CPU
		{784EA8E8-90D2-464E-BAB4-253130012488}.Debug|iPhone.Build.0 = Debug|Any CPU
		{784EA8E8-90D2-464E-BAB4-253130012488}.Debug|iPhone.Deploy.0 = Debug|Any CPU
		{784EA8E8-90D2-464E-BAB4-253130012488}.Debug|iPhoneSimulator.ActiveCfg = Debug|Any CPU
		{784EA8E8-90D2-464E-BAB4-253130012488}.Debug|iPhoneSimulator.Build.0 = Debug|Any CPU
		{784EA8E8-90D2-464E-BAB4-253130012488}.Debug|iPhoneSimulator.Deploy.0 = Debug|Any CPU
		{784EA8E8-90D2-464E-BAB4-253130012488}.Debug|x86.ActiveCfg = Debug|Any CPU
		{784EA8E8-90D2-464E-BAB4-253130012488}.Debug|x86.Build.0 = Debug|Any CPU
		{784EA8E8-90D2-464E-BAB4-253130012488}.Debug|x86.Deploy.0 = Debug|Any CPU
		{784EA8E8-90D2-464E-BAB4-253130012488}.Release|Any CPU.ActiveCfg = Release|Any CPU
		{784EA8E8-90D2-464E-BAB4-253130012488}.Release|Any CPU.Build.0 = Release|Any CPU
		{784EA8E8-90D2-464E-BAB4-253130012488}.Release|Any CPU.Deploy.0 = Release|Any CPU
		{784EA8E8-90D2-464E-BAB4-253130012488}.Release|ARM.ActiveCfg = Release|Any CPU
		{784EA8E8-90D2-464E-BAB4-253130012488}.Release|ARM.Build.0 = Release|Any CPU
		{784EA8E8-90D2-464E-BAB4-253130012488}.Release|ARM.Deploy.0 = Release|Any CPU
		{784EA8E8-90D2-464E-BAB4-253130012488}.Release|iPhone.ActiveCfg = Release|Any CPU
		{784EA8E8-90D2-464E-BAB4-253130012488}.Release|iPhone.Build.0 = Release|Any CPU
		{784EA8E8-90D2-464E-BAB4-253130012488}.Release|iPhone.Deploy.0 = Release|Any CPU
		{784EA8E8-90D2-464E-BAB4-253130012488}.Release|iPhoneSimulator.ActiveCfg = Release|Any CPU
		{784EA8E8-90D2-464E-BAB4-253130012488}.Release|iPhoneSimulator.Build.0 = Release|Any CPU
		{784EA8E8-90D2-464E-BAB4-253130012488}.Release|iPhoneSimulator.Deploy.0 = Release|Any CPU
		{784EA8E8-90D2-464E-BAB4-253130012488}.Release|x86.ActiveCfg = Release|Any CPU
		{784EA8E8-90D2-464E-BAB4-253130012488}.Release|x86.Build.0 = Release|Any CPU
		{784EA8E8-90D2-464E-BAB4-253130012488}.Release|x86.Deploy.0 = Release|Any CPU
	EndGlobalSection
	GlobalSection(SolutionProperties) = preSolution
		HideSolutionNode = FALSE
	EndGlobalSection
EndGlobal
