
Microsoft Visual Studio Solution File, Format Version 12.00
# Visual Studio 14
VisualStudioVersion = 14.0.22823.1
MinimumVisualStudioVersion = 10.0.40219.1
Project("{FAE04EC0-301F-11D3-BF4B-00C04F79EFBC}") = "AutomobileTn", "AutomobileTn\AutomobileTn\AutomobileTn.csproj", "{774DDCD6-D45A-4F36-83D1-604C5041DCA8}"
EndProject
Project("{FAE04EC0-301F-11D3-BF4B-00C04F79EFBC}") = "AutomobileTn.iOS", "AutomobileTn\AutomobileTn.iOS\AutomobileTn.iOS.csproj", "{957E77B8-6FCF-438C-93A5-2E5AACBA8EC3}"
EndProject
Project("{FAE04EC0-301F-11D3-BF4B-00C04F79EFBC}") = "AutomobileTn.Droid", "AutomobileTn\AutomobileTn.Droid\AutomobileTn.Droid.csproj", "{46FAA621-47C8-4135-B6DD-905227CB7E48}"
EndProject
Project("{FAE04EC0-301F-11D3-BF4B-00C04F79EFBC}") = "AutomobileTn.WinPhone", "AutomobileTn\AutomobileTn.WinPhone\AutomobileTn.WinPhone.csproj", "{D2352F56-E9D9-4EB5-BBD4-D4297B0A24DB}"
EndProject
Project("{FAE04EC0-301F-11D3-BF4B-00C04F79EFBC}") = "AutomobileTn.Windows", "AutomobileTn\AutomobileTn.Windows\AutomobileTn.Windows.csproj", "{B1BB903F-1B54-4053-904A-17D5C98C0D02}"
EndProject
Project("{FAE04EC0-301F-11D3-BF4B-00C04F79EFBC}") = "AutomobileTn.WindowsPhone", "AutomobileTn.WindowsPhone\AutomobileTn.WindowsPhone.csproj", "{64D1C755-C871-4892-8A56-3BDF52001A6F}"
EndProject
Global
	GlobalSection(SolutionConfigurationPlatforms) = preSolution
		Ad-Hoc|Any CPU = Ad-Hoc|Any CPU
		Ad-Hoc|ARM = Ad-Hoc|ARM
		Ad-Hoc|iPhone = Ad-Hoc|iPhone
		Ad-Hoc|iPhoneSimulator = Ad-Hoc|iPhoneSimulator
		Ad-Hoc|x64 = Ad-Hoc|x64
		Ad-Hoc|x86 = Ad-Hoc|x86
		AppStore|Any CPU = AppStore|Any CPU
		AppStore|ARM = AppStore|ARM
		AppStore|iPhone = AppStore|iPhone
		AppStore|iPhoneSimulator = AppStore|iPhoneSimulator
		AppStore|x64 = AppStore|x64
		AppStore|x86 = AppStore|x86
		Debug|Any CPU = Debug|Any CPU
		Debug|ARM = Debug|ARM
		Debug|iPhone = Debug|iPhone
		Debug|iPhoneSimulator = Debug|iPhoneSimulator
		Debug|x64 = Debug|x64
		Debug|x86 = Debug|x86
		Release|Any CPU = Release|Any CPU
		Release|ARM = Release|ARM
		Release|iPhone = Release|iPhone
		Release|iPhoneSimulator = Release|iPhoneSimulator
		Release|x64 = Release|x64
		Release|x86 = Release|x86
	EndGlobalSection
	GlobalSection(ProjectConfigurationPlatforms) = postSolution
		{774DDCD6-D45A-4F36-83D1-604C5041DCA8}.Ad-Hoc|Any CPU.ActiveCfg = Release|Any CPU
		{774DDCD6-D45A-4F36-83D1-604C5041DCA8}.Ad-Hoc|Any CPU.Build.0 = Release|Any CPU
		{774DDCD6-D45A-4F36-83D1-604C5041DCA8}.Ad-Hoc|ARM.ActiveCfg = Release|Any CPU
		{774DDCD6-D45A-4F36-83D1-604C5041DCA8}.Ad-Hoc|ARM.Build.0 = Release|Any CPU
		{774DDCD6-D45A-4F36-83D1-604C5041DCA8}.Ad-Hoc|iPhone.ActiveCfg = Release|Any CPU
		{774DDCD6-D45A-4F36-83D1-604C5041DCA8}.Ad-Hoc|iPhone.Build.0 = Release|Any CPU
		{774DDCD6-D45A-4F36-83D1-604C5041DCA8}.Ad-Hoc|iPhoneSimulator.ActiveCfg = Release|Any CPU
		{774DDCD6-D45A-4F36-83D1-604C5041DCA8}.Ad-Hoc|iPhoneSimulator.Build.0 = Release|Any CPU
		{774DDCD6-D45A-4F36-83D1-604C5041DCA8}.Ad-Hoc|x64.ActiveCfg = Debug|Any CPU
		{774DDCD6-D45A-4F36-83D1-604C5041DCA8}.Ad-Hoc|x64.Build.0 = Debug|Any CPU
		{774DDCD6-D45A-4F36-83D1-604C5041DCA8}.Ad-Hoc|x86.ActiveCfg = Release|Any CPU
		{774DDCD6-D45A-4F36-83D1-604C5041DCA8}.Ad-Hoc|x86.Build.0 = Release|Any CPU
		{774DDCD6-D45A-4F36-83D1-604C5041DCA8}.AppStore|Any CPU.ActiveCfg = Release|Any CPU
		{774DDCD6-D45A-4F36-83D1-604C5041DCA8}.AppStore|Any CPU.Build.0 = Release|Any CPU
		{774DDCD6-D45A-4F36-83D1-604C5041DCA8}.AppStore|ARM.ActiveCfg = Release|Any CPU
		{774DDCD6-D45A-4F36-83D1-604C5041DCA8}.AppStore|ARM.Build.0 = Release|Any CPU
		{774DDCD6-D45A-4F36-83D1-604C5041DCA8}.AppStore|iPhone.ActiveCfg = Release|Any CPU
		{774DDCD6-D45A-4F36-83D1-604C5041DCA8}.AppStore|iPhone.Build.0 = Release|Any CPU
		{774DDCD6-D45A-4F36-83D1-604C5041DCA8}.AppStore|iPhoneSimulator.ActiveCfg = Release|Any CPU
		{774DDCD6-D45A-4F36-83D1-604C5041DCA8}.AppStore|iPhoneSimulator.Build.0 = Release|Any CPU
		{774DDCD6-D45A-4F36-83D1-604C5041DCA8}.AppStore|x64.ActiveCfg = Debug|Any CPU
		{774DDCD6-D45A-4F36-83D1-604C5041DCA8}.AppStore|x64.Build.0 = Debug|Any CPU
		{774DDCD6-D45A-4F36-83D1-604C5041DCA8}.AppStore|x86.ActiveCfg = Release|Any CPU
		{774DDCD6-D45A-4F36-83D1-604C5041DCA8}.AppStore|x86.Build.0 = Release|Any CPU
		{774DDCD6-D45A-4F36-83D1-604C5041DCA8}.Debug|Any CPU.ActiveCfg = Debug|Any CPU
		{774DDCD6-D45A-4F36-83D1-604C5041DCA8}.Debug|Any CPU.Build.0 = Debug|Any CPU
		{774DDCD6-D45A-4F36-83D1-604C5041DCA8}.Debug|ARM.ActiveCfg = Debug|Any CPU
		{774DDCD6-D45A-4F36-83D1-604C5041DCA8}.Debug|ARM.Build.0 = Debug|Any CPU
		{774DDCD6-D45A-4F36-83D1-604C5041DCA8}.Debug|iPhone.ActiveCfg = Debug|Any CPU
		{774DDCD6-D45A-4F36-83D1-604C5041DCA8}.Debug|iPhone.Build.0 = Debug|Any CPU
		{774DDCD6-D45A-4F36-83D1-604C5041DCA8}.Debug|iPhoneSimulator.ActiveCfg = Debug|Any CPU
		{774DDCD6-D45A-4F36-83D1-604C5041DCA8}.Debug|iPhoneSimulator.Build.0 = Debug|Any CPU
		{774DDCD6-D45A-4F36-83D1-604C5041DCA8}.Debug|x64.ActiveCfg = Debug|Any CPU
		{774DDCD6-D45A-4F36-83D1-604C5041DCA8}.Debug|x64.Build.0 = Debug|Any CPU
		{774DDCD6-D45A-4F36-83D1-604C5041DCA8}.Debug|x86.ActiveCfg = Debug|Any CPU
		{774DDCD6-D45A-4F36-83D1-604C5041DCA8}.Debug|x86.Build.0 = Debug|Any CPU
		{774DDCD6-D45A-4F36-83D1-604C5041DCA8}.Release|Any CPU.ActiveCfg = Release|Any CPU
		{774DDCD6-D45A-4F36-83D1-604C5041DCA8}.Release|Any CPU.Build.0 = Release|Any CPU
		{774DDCD6-D45A-4F36-83D1-604C5041DCA8}.Release|ARM.ActiveCfg = Release|Any CPU
		{774DDCD6-D45A-4F36-83D1-604C5041DCA8}.Release|ARM.Build.0 = Release|Any CPU
		{774DDCD6-D45A-4F36-83D1-604C5041DCA8}.Release|iPhone.ActiveCfg = Release|Any CPU
		{774DDCD6-D45A-4F36-83D1-604C5041DCA8}.Release|iPhone.Build.0 = Release|Any CPU
		{774DDCD6-D45A-4F36-83D1-604C5041DCA8}.Release|iPhoneSimulator.ActiveCfg = Release|Any CPU
		{774DDCD6-D45A-4F36-83D1-604C5041DCA8}.Release|iPhoneSimulator.Build.0 = Release|Any CPU
		{774DDCD6-D45A-4F36-83D1-604C5041DCA8}.Release|x64.ActiveCfg = Release|Any CPU
		{774DDCD6-D45A-4F36-83D1-604C5041DCA8}.Release|x64.Build.0 = Release|Any CPU
		{774DDCD6-D45A-4F36-83D1-604C5041DCA8}.Release|x86.ActiveCfg = Release|Any CPU
		{774DDCD6-D45A-4F36-83D1-604C5041DCA8}.Release|x86.Build.0 = Release|Any CPU
		{957E77B8-6FCF-438C-93A5-2E5AACBA8EC3}.Ad-Hoc|Any CPU.ActiveCfg = Ad-Hoc|iPhone
		{957E77B8-6FCF-438C-93A5-2E5AACBA8EC3}.Ad-Hoc|ARM.ActiveCfg = Ad-Hoc|iPhone
		{957E77B8-6FCF-438C-93A5-2E5AACBA8EC3}.Ad-Hoc|iPhone.ActiveCfg = Ad-Hoc|iPhone
		{957E77B8-6FCF-438C-93A5-2E5AACBA8EC3}.Ad-Hoc|iPhone.Build.0 = Ad-Hoc|iPhone
		{957E77B8-6FCF-438C-93A5-2E5AACBA8EC3}.Ad-Hoc|iPhoneSimulator.ActiveCfg = Ad-Hoc|iPhoneSimulator
		{957E77B8-6FCF-438C-93A5-2E5AACBA8EC3}.Ad-Hoc|iPhoneSimulator.Build.0 = Ad-Hoc|iPhoneSimulator
		{957E77B8-6FCF-438C-93A5-2E5AACBA8EC3}.Ad-Hoc|x64.ActiveCfg = Ad-Hoc|iPhoneSimulator
		{957E77B8-6FCF-438C-93A5-2E5AACBA8EC3}.Ad-Hoc|x86.ActiveCfg = Ad-Hoc|iPhone
		{957E77B8-6FCF-438C-93A5-2E5AACBA8EC3}.AppStore|Any CPU.ActiveCfg = AppStore|iPhone
		{957E77B8-6FCF-438C-93A5-2E5AACBA8EC3}.AppStore|ARM.ActiveCfg = AppStore|iPhone
		{957E77B8-6FCF-438C-93A5-2E5AACBA8EC3}.AppStore|iPhone.ActiveCfg = AppStore|iPhone
		{957E77B8-6FCF-438C-93A5-2E5AACBA8EC3}.AppStore|iPhone.Build.0 = AppStore|iPhone
		{957E77B8-6FCF-438C-93A5-2E5AACBA8EC3}.AppStore|iPhoneSimulator.ActiveCfg = AppStore|iPhoneSimulator
		{957E77B8-6FCF-438C-93A5-2E5AACBA8EC3}.AppStore|iPhoneSimulator.Build.0 = AppStore|iPhoneSimulator
		{957E77B8-6FCF-438C-93A5-2E5AACBA8EC3}.AppStore|x64.ActiveCfg = AppStore|iPhoneSimulator
		{957E77B8-6FCF-438C-93A5-2E5AACBA8EC3}.AppStore|x86.ActiveCfg = AppStore|iPhone
		{957E77B8-6FCF-438C-93A5-2E5AACBA8EC3}.Debug|Any CPU.ActiveCfg = Debug|iPhone
		{957E77B8-6FCF-438C-93A5-2E5AACBA8EC3}.Debug|ARM.ActiveCfg = Debug|iPhone
		{957E77B8-6FCF-438C-93A5-2E5AACBA8EC3}.Debug|iPhone.ActiveCfg = Debug|iPhone
		{957E77B8-6FCF-438C-93A5-2E5AACBA8EC3}.Debug|iPhone.Build.0 = Debug|iPhone
		{957E77B8-6FCF-438C-93A5-2E5AACBA8EC3}.Debug|iPhoneSimulator.ActiveCfg = Debug|iPhoneSimulator
		{957E77B8-6FCF-438C-93A5-2E5AACBA8EC3}.Debug|iPhoneSimulator.Build.0 = Debug|iPhoneSimulator
		{957E77B8-6FCF-438C-93A5-2E5AACBA8EC3}.Debug|x64.ActiveCfg = Debug|iPhoneSimulator
		{957E77B8-6FCF-438C-93A5-2E5AACBA8EC3}.Debug|x86.ActiveCfg = Debug|iPhone
		{957E77B8-6FCF-438C-93A5-2E5AACBA8EC3}.Release|Any CPU.ActiveCfg = Release|iPhone
		{957E77B8-6FCF-438C-93A5-2E5AACBA8EC3}.Release|ARM.ActiveCfg = Release|iPhone
		{957E77B8-6FCF-438C-93A5-2E5AACBA8EC3}.Release|iPhone.ActiveCfg = Release|iPhone
		{957E77B8-6FCF-438C-93A5-2E5AACBA8EC3}.Release|iPhone.Build.0 = Release|iPhone
		{957E77B8-6FCF-438C-93A5-2E5AACBA8EC3}.Release|iPhoneSimulator.ActiveCfg = Release|iPhoneSimulator
		{957E77B8-6FCF-438C-93A5-2E5AACBA8EC3}.Release|iPhoneSimulator.Build.0 = Release|iPhoneSimulator
		{957E77B8-6FCF-438C-93A5-2E5AACBA8EC3}.Release|x64.ActiveCfg = Release|iPhoneSimulator
		{957E77B8-6FCF-438C-93A5-2E5AACBA8EC3}.Release|x86.ActiveCfg = Release|iPhone
		{46FAA621-47C8-4135-B6DD-905227CB7E48}.Ad-Hoc|Any CPU.ActiveCfg = Release|Any CPU
		{46FAA621-47C8-4135-B6DD-905227CB7E48}.Ad-Hoc|Any CPU.Build.0 = Release|Any CPU
		{46FAA621-47C8-4135-B6DD-905227CB7E48}.Ad-Hoc|Any CPU.Deploy.0 = Release|Any CPU
		{46FAA621-47C8-4135-B6DD-905227CB7E48}.Ad-Hoc|ARM.ActiveCfg = Release|Any CPU
		{46FAA621-47C8-4135-B6DD-905227CB7E48}.Ad-Hoc|ARM.Build.0 = Release|Any CPU
		{46FAA621-47C8-4135-B6DD-905227CB7E48}.Ad-Hoc|ARM.Deploy.0 = Release|Any CPU
		{46FAA621-47C8-4135-B6DD-905227CB7E48}.Ad-Hoc|iPhone.ActiveCfg = Release|Any CPU
		{46FAA621-47C8-4135-B6DD-905227CB7E48}.Ad-Hoc|iPhone.Build.0 = Release|Any CPU
		{46FAA621-47C8-4135-B6DD-905227CB7E48}.Ad-Hoc|iPhone.Deploy.0 = Release|Any CPU
		{46FAA621-47C8-4135-B6DD-905227CB7E48}.Ad-Hoc|iPhoneSimulator.ActiveCfg = Release|Any CPU
		{46FAA621-47C8-4135-B6DD-905227CB7E48}.Ad-Hoc|iPhoneSimulator.Build.0 = Release|Any CPU
		{46FAA621-47C8-4135-B6DD-905227CB7E48}.Ad-Hoc|iPhoneSimulator.Deploy.0 = Release|Any CPU
		{46FAA621-47C8-4135-B6DD-905227CB7E48}.Ad-Hoc|x64.ActiveCfg = Debug|Any CPU
		{46FAA621-47C8-4135-B6DD-905227CB7E48}.Ad-Hoc|x64.Build.0 = Debug|Any CPU
		{46FAA621-47C8-4135-B6DD-905227CB7E48}.Ad-Hoc|x64.Deploy.0 = Debug|Any CPU
		{46FAA621-47C8-4135-B6DD-905227CB7E48}.Ad-Hoc|x86.ActiveCfg = Release|Any CPU
		{46FAA621-47C8-4135-B6DD-905227CB7E48}.Ad-Hoc|x86.Build.0 = Release|Any CPU
		{46FAA621-47C8-4135-B6DD-905227CB7E48}.Ad-Hoc|x86.Deploy.0 = Release|Any CPU
		{46FAA621-47C8-4135-B6DD-905227CB7E48}.AppStore|Any CPU.ActiveCfg = Release|Any CPU
		{46FAA621-47C8-4135-B6DD-905227CB7E48}.AppStore|Any CPU.Build.0 = Release|Any CPU
		{46FAA621-47C8-4135-B6DD-905227CB7E48}.AppStore|Any CPU.Deploy.0 = Release|Any CPU
		{46FAA621-47C8-4135-B6DD-905227CB7E48}.AppStore|ARM.ActiveCfg = Release|Any CPU
		{46FAA621-47C8-4135-B6DD-905227CB7E48}.AppStore|ARM.Build.0 = Release|Any CPU
		{46FAA621-47C8-4135-B6DD-905227CB7E48}.AppStore|ARM.Deploy.0 = Release|Any CPU
		{46FAA621-47C8-4135-B6DD-905227CB7E48}.AppStore|iPhone.ActiveCfg = Release|Any CPU
		{46FAA621-47C8-4135-B6DD-905227CB7E48}.AppStore|iPhone.Build.0 = Release|Any CPU
		{46FAA621-47C8-4135-B6DD-905227CB7E48}.AppStore|iPhone.Deploy.0 = Release|Any CPU
		{46FAA621-47C8-4135-B6DD-905227CB7E48}.AppStore|iPhoneSimulator.ActiveCfg = Release|Any CPU
		{46FAA621-47C8-4135-B6DD-905227CB7E48}.AppStore|iPhoneSimulator.Build.0 = Release|Any CPU
		{46FAA621-47C8-4135-B6DD-905227CB7E48}.AppStore|iPhoneSimulator.Deploy.0 = Release|Any CPU
		{46FAA621-47C8-4135-B6DD-905227CB7E48}.AppStore|x64.ActiveCfg = Debug|Any CPU
		{46FAA621-47C8-4135-B6DD-905227CB7E48}.AppStore|x64.Build.0 = Debug|Any CPU
		{46FAA621-47C8-4135-B6DD-905227CB7E48}.AppStore|x64.Deploy.0 = Debug|Any CPU
		{46FAA621-47C8-4135-B6DD-905227CB7E48}.AppStore|x86.ActiveCfg = Release|Any CPU
		{46FAA621-47C8-4135-B6DD-905227CB7E48}.AppStore|x86.Build.0 = Release|Any CPU
		{46FAA621-47C8-4135-B6DD-905227CB7E48}.AppStore|x86.Deploy.0 = Release|Any CPU
		{46FAA621-47C8-4135-B6DD-905227CB7E48}.Debug|Any CPU.ActiveCfg = Debug|Any CPU
		{46FAA621-47C8-4135-B6DD-905227CB7E48}.Debug|Any CPU.Build.0 = Debug|Any CPU
		{46FAA621-47C8-4135-B6DD-905227CB7E48}.Debug|Any CPU.Deploy.0 = Debug|Any CPU
		{46FAA621-47C8-4135-B6DD-905227CB7E48}.Debug|ARM.ActiveCfg = Debug|Any CPU
		{46FAA621-47C8-4135-B6DD-905227CB7E48}.Debug|ARM.Build.0 = Debug|Any CPU
		{46FAA621-47C8-4135-B6DD-905227CB7E48}.Debug|ARM.Deploy.0 = Debug|Any CPU
		{46FAA621-47C8-4135-B6DD-905227CB7E48}.Debug|iPhone.ActiveCfg = Debug|Any CPU
		{46FAA621-47C8-4135-B6DD-905227CB7E48}.Debug|iPhone.Build.0 = Debug|Any CPU
		{46FAA621-47C8-4135-B6DD-905227CB7E48}.Debug|iPhone.Deploy.0 = Debug|Any CPU
		{46FAA621-47C8-4135-B6DD-905227CB7E48}.Debug|iPhoneSimulator.ActiveCfg = Debug|Any CPU
		{46FAA621-47C8-4135-B6DD-905227CB7E48}.Debug|iPhoneSimulator.Build.0 = Debug|Any CPU
		{46FAA621-47C8-4135-B6DD-905227CB7E48}.Debug|iPhoneSimulator.Deploy.0 = Debug|Any CPU
		{46FAA621-47C8-4135-B6DD-905227CB7E48}.Debug|x64.ActiveCfg = Debug|Any CPU
		{46FAA621-47C8-4135-B6DD-905227CB7E48}.Debug|x64.Build.0 = Debug|Any CPU
		{46FAA621-47C8-4135-B6DD-905227CB7E48}.Debug|x64.Deploy.0 = Debug|Any CPU
		{46FAA621-47C8-4135-B6DD-905227CB7E48}.Debug|x86.ActiveCfg = Debug|Any CPU
		{46FAA621-47C8-4135-B6DD-905227CB7E48}.Debug|x86.Build.0 = Debug|Any CPU
		{46FAA621-47C8-4135-B6DD-905227CB7E48}.Debug|x86.Deploy.0 = Debug|Any CPU
		{46FAA621-47C8-4135-B6DD-905227CB7E48}.Release|Any CPU.ActiveCfg = Release|Any CPU
		{46FAA621-47C8-4135-B6DD-905227CB7E48}.Release|Any CPU.Build.0 = Release|Any CPU
		{46FAA621-47C8-4135-B6DD-905227CB7E48}.Release|Any CPU.Deploy.0 = Release|Any CPU
		{46FAA621-47C8-4135-B6DD-905227CB7E48}.Release|ARM.ActiveCfg = Release|Any CPU
		{46FAA621-47C8-4135-B6DD-905227CB7E48}.Release|ARM.Build.0 = Release|Any CPU
		{46FAA621-47C8-4135-B6DD-905227CB7E48}.Release|ARM.Deploy.0 = Release|Any CPU
		{46FAA621-47C8-4135-B6DD-905227CB7E48}.Release|iPhone.ActiveCfg = Release|Any CPU
		{46FAA621-47C8-4135-B6DD-905227CB7E48}.Release|iPhone.Build.0 = Release|Any CPU
		{46FAA621-47C8-4135-B6DD-905227CB7E48}.Release|iPhone.Deploy.0 = Release|Any CPU
		{46FAA621-47C8-4135-B6DD-905227CB7E48}.Release|iPhoneSimulator.ActiveCfg = Release|Any CPU
		{46FAA621-47C8-4135-B6DD-905227CB7E48}.Release|iPhoneSimulator.Build.0 = Release|Any CPU
		{46FAA621-47C8-4135-B6DD-905227CB7E48}.Release|iPhoneSimulator.Deploy.0 = Release|Any CPU
		{46FAA621-47C8-4135-B6DD-905227CB7E48}.Release|x64.ActiveCfg = Release|Any CPU
		{46FAA621-47C8-4135-B6DD-905227CB7E48}.Release|x64.Build.0 = Release|Any CPU
		{46FAA621-47C8-4135-B6DD-905227CB7E48}.Release|x64.Deploy.0 = Release|Any CPU
		{46FAA621-47C8-4135-B6DD-905227CB7E48}.Release|x86.ActiveCfg = Release|Any CPU
		{46FAA621-47C8-4135-B6DD-905227CB7E48}.Release|x86.Build.0 = Release|Any CPU
		{46FAA621-47C8-4135-B6DD-905227CB7E48}.Release|x86.Deploy.0 = Release|Any CPU
		{D2352F56-E9D9-4EB5-BBD4-D4297B0A24DB}.Ad-Hoc|Any CPU.ActiveCfg = Release|Any CPU
		{D2352F56-E9D9-4EB5-BBD4-D4297B0A24DB}.Ad-Hoc|Any CPU.Build.0 = Release|Any CPU
		{D2352F56-E9D9-4EB5-BBD4-D4297B0A24DB}.Ad-Hoc|Any CPU.Deploy.0 = Release|Any CPU
		{D2352F56-E9D9-4EB5-BBD4-D4297B0A24DB}.Ad-Hoc|ARM.ActiveCfg = Release|ARM
		{D2352F56-E9D9-4EB5-BBD4-D4297B0A24DB}.Ad-Hoc|ARM.Build.0 = Release|ARM
		{D2352F56-E9D9-4EB5-BBD4-D4297B0A24DB}.Ad-Hoc|ARM.Deploy.0 = Release|ARM
		{D2352F56-E9D9-4EB5-BBD4-D4297B0A24DB}.Ad-Hoc|iPhone.ActiveCfg = Release|Any CPU
		{D2352F56-E9D9-4EB5-BBD4-D4297B0A24DB}.Ad-Hoc|iPhone.Build.0 = Release|Any CPU
		{D2352F56-E9D9-4EB5-BBD4-D4297B0A24DB}.Ad-Hoc|iPhone.Deploy.0 = Release|Any CPU
		{D2352F56-E9D9-4EB5-BBD4-D4297B0A24DB}.Ad-Hoc|iPhoneSimulator.ActiveCfg = Release|Any CPU
		{D2352F56-E9D9-4EB5-BBD4-D4297B0A24DB}.Ad-Hoc|iPhoneSimulator.Build.0 = Release|Any CPU
		{D2352F56-E9D9-4EB5-BBD4-D4297B0A24DB}.Ad-Hoc|iPhoneSimulator.Deploy.0 = Release|Any CPU
		{D2352F56-E9D9-4EB5-BBD4-D4297B0A24DB}.Ad-Hoc|x64.ActiveCfg = Debug|Any CPU
		{D2352F56-E9D9-4EB5-BBD4-D4297B0A24DB}.Ad-Hoc|x64.Build.0 = Debug|Any CPU
		{D2352F56-E9D9-4EB5-BBD4-D4297B0A24DB}.Ad-Hoc|x64.Deploy.0 = Debug|Any CPU
		{D2352F56-E9D9-4EB5-BBD4-D4297B0A24DB}.Ad-Hoc|x86.ActiveCfg = Release|x86
		{D2352F56-E9D9-4EB5-BBD4-D4297B0A24DB}.Ad-Hoc|x86.Build.0 = Release|x86
		{D2352F56-E9D9-4EB5-BBD4-D4297B0A24DB}.Ad-Hoc|x86.Deploy.0 = Release|x86
		{D2352F56-E9D9-4EB5-BBD4-D4297B0A24DB}.AppStore|Any CPU.ActiveCfg = Release|Any CPU
		{D2352F56-E9D9-4EB5-BBD4-D4297B0A24DB}.AppStore|Any CPU.Build.0 = Release|Any CPU
		{D2352F56-E9D9-4EB5-BBD4-D4297B0A24DB}.AppStore|Any CPU.Deploy.0 = Release|Any CPU
		{D2352F56-E9D9-4EB5-BBD4-D4297B0A24DB}.AppStore|ARM.ActiveCfg = Release|ARM
		{D2352F56-E9D9-4EB5-BBD4-D4297B0A24DB}.AppStore|ARM.Build.0 = Release|ARM
		{D2352F56-E9D9-4EB5-BBD4-D4297B0A24DB}.AppStore|ARM.Deploy.0 = Release|ARM
		{D2352F56-E9D9-4EB5-BBD4-D4297B0A24DB}.AppStore|iPhone.ActiveCfg = Release|Any CPU
		{D2352F56-E9D9-4EB5-BBD4-D4297B0A24DB}.AppStore|iPhone.Build.0 = Release|Any CPU
		{D2352F56-E9D9-4EB5-BBD4-D4297B0A24DB}.AppStore|iPhone.Deploy.0 = Release|Any CPU
		{D2352F56-E9D9-4EB5-BBD4-D4297B0A24DB}.AppStore|iPhoneSimulator.ActiveCfg = Release|Any CPU
		{D2352F56-E9D9-4EB5-BBD4-D4297B0A24DB}.AppStore|iPhoneSimulator.Build.0 = Release|Any CPU
		{D2352F56-E9D9-4EB5-BBD4-D4297B0A24DB}.AppStore|iPhoneSimulator.Deploy.0 = Release|Any CPU
		{D2352F56-E9D9-4EB5-BBD4-D4297B0A24DB}.AppStore|x64.ActiveCfg = Debug|Any CPU
		{D2352F56-E9D9-4EB5-BBD4-D4297B0A24DB}.AppStore|x64.Build.0 = Debug|Any CPU
		{D2352F56-E9D9-4EB5-BBD4-D4297B0A24DB}.AppStore|x64.Deploy.0 = Debug|Any CPU
		{D2352F56-E9D9-4EB5-BBD4-D4297B0A24DB}.AppStore|x86.ActiveCfg = Release|x86
		{D2352F56-E9D9-4EB5-BBD4-D4297B0A24DB}.AppStore|x86.Build.0 = Release|x86
		{D2352F56-E9D9-4EB5-BBD4-D4297B0A24DB}.AppStore|x86.Deploy.0 = Release|x86
		{D2352F56-E9D9-4EB5-BBD4-D4297B0A24DB}.Debug|Any CPU.ActiveCfg = Debug|Any CPU
		{D2352F56-E9D9-4EB5-BBD4-D4297B0A24DB}.Debug|Any CPU.Build.0 = Debug|Any CPU
		{D2352F56-E9D9-4EB5-BBD4-D4297B0A24DB}.Debug|Any CPU.Deploy.0 = Debug|Any CPU
		{D2352F56-E9D9-4EB5-BBD4-D4297B0A24DB}.Debug|ARM.ActiveCfg = Debug|ARM
		{D2352F56-E9D9-4EB5-BBD4-D4297B0A24DB}.Debug|ARM.Build.0 = Debug|ARM
		{D2352F56-E9D9-4EB5-BBD4-D4297B0A24DB}.Debug|ARM.Deploy.0 = Debug|ARM
		{D2352F56-E9D9-4EB5-BBD4-D4297B0A24DB}.Debug|iPhone.ActiveCfg = Debug|Any CPU
		{D2352F56-E9D9-4EB5-BBD4-D4297B0A24DB}.Debug|iPhone.Build.0 = Debug|Any CPU
		{D2352F56-E9D9-4EB5-BBD4-D4297B0A24DB}.Debug|iPhone.Deploy.0 = Debug|Any CPU
		{D2352F56-E9D9-4EB5-BBD4-D4297B0A24DB}.Debug|iPhoneSimulator.ActiveCfg = Debug|Any CPU
		{D2352F56-E9D9-4EB5-BBD4-D4297B0A24DB}.Debug|iPhoneSimulator.Build.0 = Debug|Any CPU
		{D2352F56-E9D9-4EB5-BBD4-D4297B0A24DB}.Debug|iPhoneSimulator.Deploy.0 = Debug|Any CPU
		{D2352F56-E9D9-4EB5-BBD4-D4297B0A24DB}.Debug|x64.ActiveCfg = Debug|Any CPU
		{D2352F56-E9D9-4EB5-BBD4-D4297B0A24DB}.Debug|x64.Build.0 = Debug|Any CPU
		{D2352F56-E9D9-4EB5-BBD4-D4297B0A24DB}.Debug|x64.Deploy.0 = Debug|Any CPU
		{D2352F56-E9D9-4EB5-BBD4-D4297B0A24DB}.Debug|x86.ActiveCfg = Debug|x86
		{D2352F56-E9D9-4EB5-BBD4-D4297B0A24DB}.Debug|x86.Build.0 = Debug|x86
		{D2352F56-E9D9-4EB5-BBD4-D4297B0A24DB}.Debug|x86.Deploy.0 = Debug|x86
		{D2352F56-E9D9-4EB5-BBD4-D4297B0A24DB}.Release|Any CPU.ActiveCfg = Release|Any CPU
		{D2352F56-E9D9-4EB5-BBD4-D4297B0A24DB}.Release|Any CPU.Build.0 = Release|Any CPU
		{D2352F56-E9D9-4EB5-BBD4-D4297B0A24DB}.Release|Any CPU.Deploy.0 = Release|Any CPU
		{D2352F56-E9D9-4EB5-BBD4-D4297B0A24DB}.Release|ARM.ActiveCfg = Release|ARM
		{D2352F56-E9D9-4EB5-BBD4-D4297B0A24DB}.Release|ARM.Build.0 = Release|ARM
		{D2352F56-E9D9-4EB5-BBD4-D4297B0A24DB}.Release|ARM.Deploy.0 = Release|ARM
		{D2352F56-E9D9-4EB5-BBD4-D4297B0A24DB}.Release|iPhone.ActiveCfg = Release|Any CPU
		{D2352F56-E9D9-4EB5-BBD4-D4297B0A24DB}.Release|iPhone.Build.0 = Release|Any CPU
		{D2352F56-E9D9-4EB5-BBD4-D4297B0A24DB}.Release|iPhone.Deploy.0 = Release|Any CPU
		{D2352F56-E9D9-4EB5-BBD4-D4297B0A24DB}.Release|iPhoneSimulator.ActiveCfg = Release|Any CPU
		{D2352F56-E9D9-4EB5-BBD4-D4297B0A24DB}.Release|iPhoneSimulator.Build.0 = Release|Any CPU
		{D2352F56-E9D9-4EB5-BBD4-D4297B0A24DB}.Release|iPhoneSimulator.Deploy.0 = Release|Any CPU
		{D2352F56-E9D9-4EB5-BBD4-D4297B0A24DB}.Release|x64.ActiveCfg = Release|Any CPU
		{D2352F56-E9D9-4EB5-BBD4-D4297B0A24DB}.Release|x64.Build.0 = Release|Any CPU
		{D2352F56-E9D9-4EB5-BBD4-D4297B0A24DB}.Release|x64.Deploy.0 = Release|Any CPU
		{D2352F56-E9D9-4EB5-BBD4-D4297B0A24DB}.Release|x86.ActiveCfg = Release|x86
		{D2352F56-E9D9-4EB5-BBD4-D4297B0A24DB}.Release|x86.Build.0 = Release|x86
		{D2352F56-E9D9-4EB5-BBD4-D4297B0A24DB}.Release|x86.Deploy.0 = Release|x86
		{B1BB903F-1B54-4053-904A-17D5C98C0D02}.Ad-Hoc|Any CPU.ActiveCfg = Release|Any CPU
		{B1BB903F-1B54-4053-904A-17D5C98C0D02}.Ad-Hoc|Any CPU.Build.0 = Release|Any CPU
		{B1BB903F-1B54-4053-904A-17D5C98C0D02}.Ad-Hoc|Any CPU.Deploy.0 = Release|Any CPU
		{B1BB903F-1B54-4053-904A-17D5C98C0D02}.Ad-Hoc|ARM.ActiveCfg = Release|ARM
		{B1BB903F-1B54-4053-904A-17D5C98C0D02}.Ad-Hoc|ARM.Build.0 = Release|ARM
		{B1BB903F-1B54-4053-904A-17D5C98C0D02}.Ad-Hoc|ARM.Deploy.0 = Release|ARM
		{B1BB903F-1B54-4053-904A-17D5C98C0D02}.Ad-Hoc|iPhone.ActiveCfg = Release|Any CPU
		{B1BB903F-1B54-4053-904A-17D5C98C0D02}.Ad-Hoc|iPhone.Build.0 = Release|Any CPU
		{B1BB903F-1B54-4053-904A-17D5C98C0D02}.Ad-Hoc|iPhone.Deploy.0 = Release|Any CPU
		{B1BB903F-1B54-4053-904A-17D5C98C0D02}.Ad-Hoc|iPhoneSimulator.ActiveCfg = Release|Any CPU
		{B1BB903F-1B54-4053-904A-17D5C98C0D02}.Ad-Hoc|iPhoneSimulator.Build.0 = Release|Any CPU
		{B1BB903F-1B54-4053-904A-17D5C98C0D02}.Ad-Hoc|iPhoneSimulator.Deploy.0 = Release|Any CPU
		{B1BB903F-1B54-4053-904A-17D5C98C0D02}.Ad-Hoc|x64.ActiveCfg = Release|x64
		{B1BB903F-1B54-4053-904A-17D5C98C0D02}.Ad-Hoc|x64.Build.0 = Release|x64
		{B1BB903F-1B54-4053-904A-17D5C98C0D02}.Ad-Hoc|x64.Deploy.0 = Release|x64
		{B1BB903F-1B54-4053-904A-17D5C98C0D02}.Ad-Hoc|x86.ActiveCfg = Release|x86
		{B1BB903F-1B54-4053-904A-17D5C98C0D02}.Ad-Hoc|x86.Build.0 = Release|x86
		{B1BB903F-1B54-4053-904A-17D5C98C0D02}.Ad-Hoc|x86.Deploy.0 = Release|x86
		{B1BB903F-1B54-4053-904A-17D5C98C0D02}.AppStore|Any CPU.ActiveCfg = Release|Any CPU
		{B1BB903F-1B54-4053-904A-17D5C98C0D02}.AppStore|Any CPU.Build.0 = Release|Any CPU
		{B1BB903F-1B54-4053-904A-17D5C98C0D02}.AppStore|Any CPU.Deploy.0 = Release|Any CPU
		{B1BB903F-1B54-4053-904A-17D5C98C0D02}.AppStore|ARM.ActiveCfg = Release|ARM
		{B1BB903F-1B54-4053-904A-17D5C98C0D02}.AppStore|ARM.Build.0 = Release|ARM
		{B1BB903F-1B54-4053-904A-17D5C98C0D02}.AppStore|ARM.Deploy.0 = Release|ARM
		{B1BB903F-1B54-4053-904A-17D5C98C0D02}.AppStore|iPhone.ActiveCfg = Release|Any CPU
		{B1BB903F-1B54-4053-904A-17D5C98C0D02}.AppStore|iPhone.Build.0 = Release|Any CPU
		{B1BB903F-1B54-4053-904A-17D5C98C0D02}.AppStore|iPhone.Deploy.0 = Release|Any CPU
		{B1BB903F-1B54-4053-904A-17D5C98C0D02}.AppStore|iPhoneSimulator.ActiveCfg = Release|Any CPU
		{B1BB903F-1B54-4053-904A-17D5C98C0D02}.AppStore|iPhoneSimulator.Build.0 = Release|Any CPU
		{B1BB903F-1B54-4053-904A-17D5C98C0D02}.AppStore|iPhoneSimulator.Deploy.0 = Release|Any CPU
		{B1BB903F-1B54-4053-904A-17D5C98C0D02}.AppStore|x64.ActiveCfg = Release|x64
		{B1BB903F-1B54-4053-904A-17D5C98C0D02}.AppStore|x64.Build.0 = Release|x64
		{B1BB903F-1B54-4053-904A-17D5C98C0D02}.AppStore|x64.Deploy.0 = Release|x64
		{B1BB903F-1B54-4053-904A-17D5C98C0D02}.AppStore|x86.ActiveCfg = Release|x86
		{B1BB903F-1B54-4053-904A-17D5C98C0D02}.AppStore|x86.Build.0 = Release|x86
		{B1BB903F-1B54-4053-904A-17D5C98C0D02}.AppStore|x86.Deploy.0 = Release|x86
		{B1BB903F-1B54-4053-904A-17D5C98C0D02}.Debug|Any CPU.ActiveCfg = Debug|Any CPU
		{B1BB903F-1B54-4053-904A-17D5C98C0D02}.Debug|Any CPU.Build.0 = Debug|Any CPU
		{B1BB903F-1B54-4053-904A-17D5C98C0D02}.Debug|Any CPU.Deploy.0 = Debug|Any CPU
		{B1BB903F-1B54-4053-904A-17D5C98C0D02}.Debug|ARM.ActiveCfg = Debug|ARM
		{B1BB903F-1B54-4053-904A-17D5C98C0D02}.Debug|ARM.Build.0 = Debug|ARM
		{B1BB903F-1B54-4053-904A-17D5C98C0D02}.Debug|ARM.Deploy.0 = Debug|ARM
		{B1BB903F-1B54-4053-904A-17D5C98C0D02}.Debug|iPhone.ActiveCfg = Debug|Any CPU
		{B1BB903F-1B54-4053-904A-17D5C98C0D02}.Debug|iPhone.Build.0 = Debug|Any CPU
		{B1BB903F-1B54-4053-904A-17D5C98C0D02}.Debug|iPhone.Deploy.0 = Debug|Any CPU
		{B1BB903F-1B54-4053-904A-17D5C98C0D02}.Debug|iPhoneSimulator.ActiveCfg = Debug|Any CPU
		{B1BB903F-1B54-4053-904A-17D5C98C0D02}.Debug|iPhoneSimulator.Build.0 = Debug|Any CPU
		{B1BB903F-1B54-4053-904A-17D5C98C0D02}.Debug|iPhoneSimulator.Deploy.0 = Debug|Any CPU
		{B1BB903F-1B54-4053-904A-17D5C98C0D02}.Debug|x64.ActiveCfg = Debug|x64
		{B1BB903F-1B54-4053-904A-17D5C98C0D02}.Debug|x64.Build.0 = Debug|x64
		{B1BB903F-1B54-4053-904A-17D5C98C0D02}.Debug|x64.Deploy.0 = Debug|x64
		{B1BB903F-1B54-4053-904A-17D5C98C0D02}.Debug|x86.ActiveCfg = Debug|x86
		{B1BB903F-1B54-4053-904A-17D5C98C0D02}.Debug|x86.Build.0 = Debug|x86
		{B1BB903F-1B54-4053-904A-17D5C98C0D02}.Debug|x86.Deploy.0 = Debug|x86
		{B1BB903F-1B54-4053-904A-17D5C98C0D02}.Release|Any CPU.ActiveCfg = Release|Any CPU
		{B1BB903F-1B54-4053-904A-17D5C98C0D02}.Release|Any CPU.Build.0 = Release|Any CPU
		{B1BB903F-1B54-4053-904A-17D5C98C0D02}.Release|Any CPU.Deploy.0 = Release|Any CPU
		{B1BB903F-1B54-4053-904A-17D5C98C0D02}.Release|ARM.ActiveCfg = Release|ARM
		{B1BB903F-1B54-4053-904A-17D5C98C0D02}.Release|ARM.Build.0 = Release|ARM
		{B1BB903F-1B54-4053-904A-17D5C98C0D02}.Release|ARM.Deploy.0 = Release|ARM
		{B1BB903F-1B54-4053-904A-17D5C98C0D02}.Release|iPhone.ActiveCfg = Release|Any CPU
		{B1BB903F-1B54-4053-904A-17D5C98C0D02}.Release|iPhone.Build.0 = Release|Any CPU
		{B1BB903F-1B54-4053-904A-17D5C98C0D02}.Release|iPhone.Deploy.0 = Release|Any CPU
		{B1BB903F-1B54-4053-904A-17D5C98C0D02}.Release|iPhoneSimulator.ActiveCfg = Release|Any CPU
		{B1BB903F-1B54-4053-904A-17D5C98C0D02}.Release|iPhoneSimulator.Build.0 = Release|Any CPU
		{B1BB903F-1B54-4053-904A-17D5C98C0D02}.Release|iPhoneSimulator.Deploy.0 = Release|Any CPU
		{B1BB903F-1B54-4053-904A-17D5C98C0D02}.Release|x64.ActiveCfg = Release|x64
		{B1BB903F-1B54-4053-904A-17D5C98C0D02}.Release|x64.Build.0 = Release|x64
		{B1BB903F-1B54-4053-904A-17D5C98C0D02}.Release|x64.Deploy.0 = Release|x64
		{B1BB903F-1B54-4053-904A-17D5C98C0D02}.Release|x86.ActiveCfg = Release|x86
		{B1BB903F-1B54-4053-904A-17D5C98C0D02}.Release|x86.Build.0 = Release|x86
		{B1BB903F-1B54-4053-904A-17D5C98C0D02}.Release|x86.Deploy.0 = Release|x86
		{64D1C755-C871-4892-8A56-3BDF52001A6F}.Ad-Hoc|Any CPU.ActiveCfg = Release|Any CPU
		{64D1C755-C871-4892-8A56-3BDF52001A6F}.Ad-Hoc|Any CPU.Build.0 = Release|Any CPU
		{64D1C755-C871-4892-8A56-3BDF52001A6F}.Ad-Hoc|Any CPU.Deploy.0 = Release|Any CPU
		{64D1C755-C871-4892-8A56-3BDF52001A6F}.Ad-Hoc|ARM.ActiveCfg = Release|ARM
		{64D1C755-C871-4892-8A56-3BDF52001A6F}.Ad-Hoc|ARM.Build.0 = Release|ARM
		{64D1C755-C871-4892-8A56-3BDF52001A6F}.Ad-Hoc|ARM.Deploy.0 = Release|ARM
		{64D1C755-C871-4892-8A56-3BDF52001A6F}.Ad-Hoc|iPhone.ActiveCfg = Release|Any CPU
		{64D1C755-C871-4892-8A56-3BDF52001A6F}.Ad-Hoc|iPhone.Build.0 = Release|Any CPU
		{64D1C755-C871-4892-8A56-3BDF52001A6F}.Ad-Hoc|iPhone.Deploy.0 = Release|Any CPU
		{64D1C755-C871-4892-8A56-3BDF52001A6F}.Ad-Hoc|iPhoneSimulator.ActiveCfg = Release|Any CPU
		{64D1C755-C871-4892-8A56-3BDF52001A6F}.Ad-Hoc|iPhoneSimulator.Build.0 = Release|Any CPU
		{64D1C755-C871-4892-8A56-3BDF52001A6F}.Ad-Hoc|iPhoneSimulator.Deploy.0 = Release|Any CPU
		{64D1C755-C871-4892-8A56-3BDF52001A6F}.Ad-Hoc|x64.ActiveCfg = Release|Any CPU
		{64D1C755-C871-4892-8A56-3BDF52001A6F}.Ad-Hoc|x64.Build.0 = Release|Any CPU
		{64D1C755-C871-4892-8A56-3BDF52001A6F}.Ad-Hoc|x64.Deploy.0 = Release|Any CPU
		{64D1C755-C871-4892-8A56-3BDF52001A6F}.Ad-Hoc|x86.ActiveCfg = Release|x86
		{64D1C755-C871-4892-8A56-3BDF52001A6F}.Ad-Hoc|x86.Build.0 = Release|x86
		{64D1C755-C871-4892-8A56-3BDF52001A6F}.Ad-Hoc|x86.Deploy.0 = Release|x86
		{64D1C755-C871-4892-8A56-3BDF52001A6F}.AppStore|Any CPU.ActiveCfg = Release|Any CPU
		{64D1C755-C871-4892-8A56-3BDF52001A6F}.AppStore|Any CPU.Build.0 = Release|Any CPU
		{64D1C755-C871-4892-8A56-3BDF52001A6F}.AppStore|Any CPU.Deploy.0 = Release|Any CPU
		{64D1C755-C871-4892-8A56-3BDF52001A6F}.AppStore|ARM.ActiveCfg = Release|ARM
		{64D1C755-C871-4892-8A56-3BDF52001A6F}.AppStore|ARM.Build.0 = Release|ARM
		{64D1C755-C871-4892-8A56-3BDF52001A6F}.AppStore|ARM.Deploy.0 = Release|ARM
		{64D1C755-C871-4892-8A56-3BDF52001A6F}.AppStore|iPhone.ActiveCfg = Release|Any CPU
		{64D1C755-C871-4892-8A56-3BDF52001A6F}.AppStore|iPhone.Build.0 = Release|Any CPU
		{64D1C755-C871-4892-8A56-3BDF52001A6F}.AppStore|iPhone.Deploy.0 = Release|Any CPU
		{64D1C755-C871-4892-8A56-3BDF52001A6F}.AppStore|iPhoneSimulator.ActiveCfg = Release|Any CPU
		{64D1C755-C871-4892-8A56-3BDF52001A6F}.AppStore|iPhoneSimulator.Build.0 = Release|Any CPU
		{64D1C755-C871-4892-8A56-3BDF52001A6F}.AppStore|iPhoneSimulator.Deploy.0 = Release|Any CPU
		{64D1C755-C871-4892-8A56-3BDF52001A6F}.AppStore|x64.ActiveCfg = Release|Any CPU
		{64D1C755-C871-4892-8A56-3BDF52001A6F}.AppStore|x64.Build.0 = Release|Any CPU
		{64D1C755-C871-4892-8A56-3BDF52001A6F}.AppStore|x64.Deploy.0 = Release|Any CPU
		{64D1C755-C871-4892-8A56-3BDF52001A6F}.AppStore|x86.ActiveCfg = Release|x86
		{64D1C755-C871-4892-8A56-3BDF52001A6F}.AppStore|x86.Build.0 = Release|x86
		{64D1C755-C871-4892-8A56-3BDF52001A6F}.AppStore|x86.Deploy.0 = Release|x86
		{64D1C755-C871-4892-8A56-3BDF52001A6F}.Debug|Any CPU.ActiveCfg = Debug|Any CPU
		{64D1C755-C871-4892-8A56-3BDF52001A6F}.Debug|Any CPU.Build.0 = Debug|Any CPU
		{64D1C755-C871-4892-8A56-3BDF52001A6F}.Debug|Any CPU.Deploy.0 = Debug|Any CPU
		{64D1C755-C871-4892-8A56-3BDF52001A6F}.Debug|ARM.ActiveCfg = Debug|ARM
		{64D1C755-C871-4892-8A56-3BDF52001A6F}.Debug|ARM.Build.0 = Debug|ARM
		{64D1C755-C871-4892-8A56-3BDF52001A6F}.Debug|ARM.Deploy.0 = Debug|ARM
		{64D1C755-C871-4892-8A56-3BDF52001A6F}.Debug|iPhone.ActiveCfg = Debug|Any CPU
		{64D1C755-C871-4892-8A56-3BDF52001A6F}.Debug|iPhone.Build.0 = Debug|Any CPU
		{64D1C755-C871-4892-8A56-3BDF52001A6F}.Debug|iPhone.Deploy.0 = Debug|Any CPU
		{64D1C755-C871-4892-8A56-3BDF52001A6F}.Debug|iPhoneSimulator.ActiveCfg = Debug|Any CPU
		{64D1C755-C871-4892-8A56-3BDF52001A6F}.Debug|iPhoneSimulator.Build.0 = Debug|Any CPU
		{64D1C755-C871-4892-8A56-3BDF52001A6F}.Debug|iPhoneSimulator.Deploy.0 = Debug|Any CPU
		{64D1C755-C871-4892-8A56-3BDF52001A6F}.Debug|x64.ActiveCfg = Debug|Any CPU
		{64D1C755-C871-4892-8A56-3BDF52001A6F}.Debug|x64.Build.0 = Debug|Any CPU
		{64D1C755-C871-4892-8A56-3BDF52001A6F}.Debug|x64.Deploy.0 = Debug|Any CPU
		{64D1C755-C871-4892-8A56-3BDF52001A6F}.Debug|x86.ActiveCfg = Debug|x86
		{64D1C755-C871-4892-8A56-3BDF52001A6F}.Debug|x86.Build.0 = Debug|x86
		{64D1C755-C871-4892-8A56-3BDF52001A6F}.Debug|x86.Deploy.0 = Debug|x86
		{64D1C755-C871-4892-8A56-3BDF52001A6F}.Release|Any CPU.ActiveCfg = Release|Any CPU
		{64D1C755-C871-4892-8A56-3BDF52001A6F}.Release|Any CPU.Build.0 = Release|Any CPU
		{64D1C755-C871-4892-8A56-3BDF52001A6F}.Release|Any CPU.Deploy.0 = Release|Any CPU
		{64D1C755-C871-4892-8A56-3BDF52001A6F}.Release|ARM.ActiveCfg = Release|ARM
		{64D1C755-C871-4892-8A56-3BDF52001A6F}.Release|ARM.Build.0 = Release|ARM
		{64D1C755-C871-4892-8A56-3BDF52001A6F}.Release|ARM.Deploy.0 = Release|ARM
		{64D1C755-C871-4892-8A56-3BDF52001A6F}.Release|iPhone.ActiveCfg = Release|Any CPU
		{64D1C755-C871-4892-8A56-3BDF52001A6F}.Release|iPhone.Build.0 = Release|Any CPU
		{64D1C755-C871-4892-8A56-3BDF52001A6F}.Release|iPhone.Deploy.0 = Release|Any CPU
		{64D1C755-C871-4892-8A56-3BDF52001A6F}.Release|iPhoneSimulator.ActiveCfg = Release|Any CPU
		{64D1C755-C871-4892-8A56-3BDF52001A6F}.Release|iPhoneSimulator.Build.0 = Release|Any CPU
		{64D1C755-C871-4892-8A56-3BDF52001A6F}.Release|iPhoneSimulator.Deploy.0 = Release|Any CPU
		{64D1C755-C871-4892-8A56-3BDF52001A6F}.Release|x64.ActiveCfg = Release|Any CPU
		{64D1C755-C871-4892-8A56-3BDF52001A6F}.Release|x64.Build.0 = Release|Any CPU
		{64D1C755-C871-4892-8A56-3BDF52001A6F}.Release|x64.Deploy.0 = Release|Any CPU
		{64D1C755-C871-4892-8A56-3BDF52001A6F}.Release|x86.ActiveCfg = Release|x86
		{64D1C755-C871-4892-8A56-3BDF52001A6F}.Release|x86.Build.0 = Release|x86
		{64D1C755-C871-4892-8A56-3BDF52001A6F}.Release|x86.Deploy.0 = Release|x86
	EndGlobalSection
	GlobalSection(SolutionProperties) = preSolution
		HideSolutionNode = FALSE
	EndGlobalSection
EndGlobal
